
Microsoft Visual Studio Solution File, Format Version 10.00
# Visual Studio 2008
Project("{FAE04EC0-301F-11D3-BF4B-00C04F79EFBC}") = "HelloIndigo", "HelloIndigo\HelloIndigo.csproj", "{9FBB16C2-BA09-4926-8123-4C8766DB66F0}"
EndProject
Project("{FAE04EC0-301F-11D3-BF4B-00C04F79EFBC}") = "Host", "Host\Host.csproj", "{26B61C1A-287E-4FFB-A003-7D25A386DBF5}"
EndProject
Global
	GlobalSection(SolutionConfigurationPlatforms) = preSolution
		Debug|Any CPU = Debug|Any CPU
		Release|Any CPU = Release|Any CPU
	EndGlobalSection
	GlobalSection(ProjectConfigurationPlatforms) = postSolution
		{9FBB16C2-BA09-4926-8123-4C8766DB66F0}.Debug|Any CPU.ActiveCfg = Debug|Any CPU
		{9FBB16C2-BA09-4926-8123-4C8766DB66F0}.Debug|Any CPU.Build.0 = Debug|Any CPU
		{9FBB16C2-BA09-4926-8123-4C8766DB66F0}.Release|Any CPU.ActiveCfg = Release|Any CPU
		{9FBB16C2-BA09-4926-8123-4C8766DB66F0}.Release|Any CPU.Build.0 = Release|Any CPU
		{26B61C1A-287E-4FFB-A003-7D25A386DBF5}.Debug|Any CPU.ActiveCfg = Debug|Any CPU
		{26B61C1A-287E-4FFB-A003-7D25A386DBF5}.Debug|Any CPU.Build.0 = Debug|Any CPU
		{26B61C1A-287E-4FFB-A003-7D25A386DBF5}.Release|Any CPU.ActiveCfg = Release|Any CPU
		{26B61C1A-287E-4FFB-A003-7D25A386DBF5}.Release|Any CPU.Build.0 = Release|Any CPU
	EndGlobalSection
	GlobalSection(SolutionProperties) = preSolution
		HideSolutionNode = FALSE
	EndGlobalSection
EndGlobal
