
Microsoft Visual Studio Solution File, Format Version 10.00
# Visual Studio 2008
Project("{FAE04EC0-301F-11D3-BF4B-00C04F79EFBC}") = "WinClient", "WinClient\WinClient.csproj", "{1B4C643E-37F8-40A1-9E1A-0414C07C480D}"
EndProject
Project("{FAE04EC0-301F-11D3-BF4B-00C04F79EFBC}") = "Host", "Host\Host.csproj", "{33E953EF-9194-424C-9B86-520A83431744}"
EndProject
Project("{FAE04EC0-301F-11D3-BF4B-00C04F79EFBC}") = "ThreadInfo", "ThreadInfo\ThreadInfo.csproj", "{7C7B2E46-91C1-4889-B89A-BFB34807DD39}"
EndProject
Global
	GlobalSection(SolutionConfigurationPlatforms) = preSolution
		Debug|Any CPU = Debug|Any CPU
		Release|Any CPU = Release|Any CPU
	EndGlobalSection
	GlobalSection(ProjectConfigurationPlatforms) = postSolution
		{1B4C643E-37F8-40A1-9E1A-0414C07C480D}.Debug|Any CPU.ActiveCfg = Debug|Any CPU
		{1B4C643E-37F8-40A1-9E1A-0414C07C480D}.Debug|Any CPU.Build.0 = Debug|Any CPU
		{1B4C643E-37F8-40A1-9E1A-0414C07C480D}.Release|Any CPU.ActiveCfg = Release|Any CPU
		{1B4C643E-37F8-40A1-9E1A-0414C07C480D}.Release|Any CPU.Build.0 = Release|Any CPU
		{33E953EF-9194-424C-9B86-520A83431744}.Debug|Any CPU.ActiveCfg = Debug|Any CPU
		{33E953EF-9194-424C-9B86-520A83431744}.Debug|Any CPU.Build.0 = Debug|Any CPU
		{33E953EF-9194-424C-9B86-520A83431744}.Release|Any CPU.ActiveCfg = Release|Any CPU
		{33E953EF-9194-424C-9B86-520A83431744}.Release|Any CPU.Build.0 = Release|Any CPU
		{7C7B2E46-91C1-4889-B89A-BFB34807DD39}.Debug|Any CPU.ActiveCfg = Debug|Any CPU
		{7C7B2E46-91C1-4889-B89A-BFB34807DD39}.Debug|Any CPU.Build.0 = Debug|Any CPU
		{7C7B2E46-91C1-4889-B89A-BFB34807DD39}.Release|Any CPU.ActiveCfg = Release|Any CPU
		{7C7B2E46-91C1-4889-B89A-BFB34807DD39}.Release|Any CPU.Build.0 = Release|Any CPU
	EndGlobalSection
	GlobalSection(SolutionProperties) = preSolution
		HideSolutionNode = FALSE
	EndGlobalSection
EndGlobal
