
Microsoft Visual Studio Solution File, Format Version 10.00
# Visual Studio 2008
Project("{E24C65DC-7377-472B-9ABA-BC803B73C61A}") = "D:\...\FileBasedHost\", "FileBasedHost\", "{BE935ABA-0A24-402D-B7E3-EF7DE86D8E64}"
	ProjectSection(WebsiteProperties) = preProject
		ProjectReferences = "{DC40169F-751B-4DF6-AE20-309ADFD89258}|ASPNETCompatibleService.dll;"
		Debug.AspNetCompiler.VirtualPath = "/FileBasedHost"
		Debug.AspNetCompiler.PhysicalPath = "FileBasedHost\"
		Debug.AspNetCompiler.TargetPath = "PrecompiledWeb\FileBasedHost\"
		Debug.AspNetCompiler.Updateable = "true"
		Debug.AspNetCompiler.ForceOverwrite = "true"
		Debug.AspNetCompiler.FixedNames = "false"
		Debug.AspNetCompiler.Debug = "True"
		Release.AspNetCompiler.VirtualPath = "/FileBasedHost"
		Release.AspNetCompiler.PhysicalPath = "FileBasedHost\"
		Release.AspNetCompiler.TargetPath = "PrecompiledWeb\FileBasedHost\"
		Release.AspNetCompiler.Updateable = "true"
		Release.AspNetCompiler.ForceOverwrite = "true"
		Release.AspNetCompiler.FixedNames = "false"
		Release.AspNetCompiler.Debug = "False"
		VWDPort = "1143"
		DefaultWebSiteLanguage = "Visual C#"
	EndProjectSection
EndProject
Project("{FAE04EC0-301F-11D3-BF4B-00C04F79EFBC}") = "ASPNETCompatibleService", "ASPNETCompatibleService\ASPNETCompatibleService.csproj", "{DC40169F-751B-4DF6-AE20-309ADFD89258}"
EndProject
Project("{FAE04EC0-301F-11D3-BF4B-00C04F79EFBC}") = "ProfileClient", "ProfileClient\ProfileClient.csproj", "{C358755F-F878-427D-BBEA-52745702BAA0}"
EndProject
Global
	GlobalSection(SolutionConfigurationPlatforms) = preSolution
		Debug|.NET = Debug|.NET
		Debug|Any CPU = Debug|Any CPU
		Debug|Mixed Platforms = Debug|Mixed Platforms
		Release|.NET = Release|.NET
		Release|Any CPU = Release|Any CPU
		Release|Mixed Platforms = Release|Mixed Platforms
	EndGlobalSection
	GlobalSection(ProjectConfigurationPlatforms) = postSolution
		{BE935ABA-0A24-402D-B7E3-EF7DE86D8E64}.Debug|.NET.ActiveCfg = Debug|.NET
		{BE935ABA-0A24-402D-B7E3-EF7DE86D8E64}.Debug|.NET.Build.0 = Debug|.NET
		{BE935ABA-0A24-402D-B7E3-EF7DE86D8E64}.Debug|Any CPU.ActiveCfg = Debug|.NET
		{BE935ABA-0A24-402D-B7E3-EF7DE86D8E64}.Debug|Mixed Platforms.ActiveCfg = Debug|.NET
		{BE935ABA-0A24-402D-B7E3-EF7DE86D8E64}.Debug|Mixed Platforms.Build.0 = Debug|.NET
		{BE935ABA-0A24-402D-B7E3-EF7DE86D8E64}.Release|.NET.ActiveCfg = Debug|.NET
		{BE935ABA-0A24-402D-B7E3-EF7DE86D8E64}.Release|.NET.Build.0 = Debug|.NET
		{BE935ABA-0A24-402D-B7E3-EF7DE86D8E64}.Release|Any CPU.ActiveCfg = Debug|.NET
		{BE935ABA-0A24-402D-B7E3-EF7DE86D8E64}.Release|Mixed Platforms.ActiveCfg = Debug|.NET
		{BE935ABA-0A24-402D-B7E3-EF7DE86D8E64}.Release|Mixed Platforms.Build.0 = Debug|.NET
		{DC40169F-751B-4DF6-AE20-309ADFD89258}.Debug|.NET.ActiveCfg = Debug|Any CPU
		{DC40169F-751B-4DF6-AE20-309ADFD89258}.Debug|Any CPU.ActiveCfg = Debug|Any CPU
		{DC40169F-751B-4DF6-AE20-309ADFD89258}.Debug|Any CPU.Build.0 = Debug|Any CPU
		{DC40169F-751B-4DF6-AE20-309ADFD89258}.Debug|Mixed Platforms.ActiveCfg = Debug|Any CPU
		{DC40169F-751B-4DF6-AE20-309ADFD89258}.Debug|Mixed Platforms.Build.0 = Debug|Any CPU
		{DC40169F-751B-4DF6-AE20-309ADFD89258}.Release|.NET.ActiveCfg = Release|Any CPU
		{DC40169F-751B-4DF6-AE20-309ADFD89258}.Release|Any CPU.ActiveCfg = Release|Any CPU
		{DC40169F-751B-4DF6-AE20-309ADFD89258}.Release|Any CPU.Build.0 = Release|Any CPU
		{DC40169F-751B-4DF6-AE20-309ADFD89258}.Release|Mixed Platforms.ActiveCfg = Release|Any CPU
		{DC40169F-751B-4DF6-AE20-309ADFD89258}.Release|Mixed Platforms.Build.0 = Release|Any CPU
		{C358755F-F878-427D-BBEA-52745702BAA0}.Debug|.NET.ActiveCfg = Debug|Any CPU
		{C358755F-F878-427D-BBEA-52745702BAA0}.Debug|Any CPU.ActiveCfg = Debug|Any CPU
		{C358755F-F878-427D-BBEA-52745702BAA0}.Debug|Any CPU.Build.0 = Debug|Any CPU
		{C358755F-F878-427D-BBEA-52745702BAA0}.Debug|Mixed Platforms.ActiveCfg = Debug|Any CPU
		{C358755F-F878-427D-BBEA-52745702BAA0}.Debug|Mixed Platforms.Build.0 = Debug|Any CPU
		{C358755F-F878-427D-BBEA-52745702BAA0}.Release|.NET.ActiveCfg = Release|Any CPU
		{C358755F-F878-427D-BBEA-52745702BAA0}.Release|Any CPU.ActiveCfg = Release|Any CPU
		{C358755F-F878-427D-BBEA-52745702BAA0}.Release|Any CPU.Build.0 = Release|Any CPU
		{C358755F-F878-427D-BBEA-52745702BAA0}.Release|Mixed Platforms.ActiveCfg = Release|Any CPU
		{C358755F-F878-427D-BBEA-52745702BAA0}.Release|Mixed Platforms.Build.0 = Release|Any CPU
	EndGlobalSection
	GlobalSection(SolutionProperties) = preSolution
		HideSolutionNode = FALSE
	EndGlobalSection
EndGlobal
